
Microsoft Visual Studio Solution File, Format Version 12.00
# Visual Studio Version 17
VisualStudioVersion = 17.3.32929.385
MinimumVisualStudioVersion = 10.0.40219.1
Project("{8BC9CEB8-8B4A-11D0-8D11-00A0C91BC942}") = "carSystem.PL", "carSystem.PL\carSystem.PL.vcxproj", "{CBFF9E55-6E26-488C-96AC-9EBAD91EE477}"
EndProject
Project("{8BC9CEB8-8B4A-11D0-8D11-00A0C91BC942}") = "carSystem.BLL", "carSystem.BLL\carSystem.BLL.vcxproj", "{21EBB664-9686-4E84-8ADA-FF653DD410DA}"
EndProject
Project("{8BC9CEB8-8B4A-11D0-8D11-00A0C91BC942}") = "carSystem.DAL", "carSystem.DAL\carSystem.DAL.vcxproj", "{AEB74136-FBEE-47C7-86CE-1EBB01B466B2}"
EndProject
Global
	GlobalSection(SolutionConfigurationPlatforms) = preSolution
		Debug|x64 = Debug|x64
		Debug|x86 = Debug|x86
		Release|x64 = Release|x64
		Release|x86 = Release|x86
	EndGlobalSection
	GlobalSection(ProjectConfigurationPlatforms) = postSolution
		{CBFF9E55-6E26-488C-96AC-9EBAD91EE477}.Debug|x64.ActiveCfg = Debug|x64
		{CBFF9E55-6E26-488C-96AC-9EBAD91EE477}.Debug|x64.Build.0 = Debug|x64
		{CBFF9E55-6E26-488C-96AC-9EBAD91EE477}.Debug|x86.ActiveCfg = Debug|Win32
		{CBFF9E55-6E26-488C-96AC-9EBAD91EE477}.Debug|x86.Build.0 = Debug|Win32
		{CBFF9E55-6E26-488C-96AC-9EBAD91EE477}.Release|x64.ActiveCfg = Release|x64
		{CBFF9E55-6E26-488C-96AC-9EBAD91EE477}.Release|x64.Build.0 = Release|x64
		{CBFF9E55-6E26-488C-96AC-9EBAD91EE477}.Release|x86.ActiveCfg = Release|Win32
		{CBFF9E55-6E26-488C-96AC-9EBAD91EE477}.Release|x86.Build.0 = Release|Win32
		{21EBB664-9686-4E84-8ADA-FF653DD410DA}.Debug|x64.ActiveCfg = Debug|x64
		{21EBB664-9686-4E84-8ADA-FF653DD410DA}.Debug|x64.Build.0 = Debug|x64
		{21EBB664-9686-4E84-8ADA-FF653DD410DA}.Debug|x86.ActiveCfg = Debug|Win32
		{21EBB664-9686-4E84-8ADA-FF653DD410DA}.Debug|x86.Build.0 = Debug|Win32
		{21EBB664-9686-4E84-8ADA-FF653DD410DA}.Release|x64.ActiveCfg = Release|x64
		{21EBB664-9686-4E84-8ADA-FF653DD410DA}.Release|x64.Build.0 = Release|x64
		{21EBB664-9686-4E84-8ADA-FF653DD410DA}.Release|x86.ActiveCfg = Release|Win32
		{21EBB664-9686-4E84-8ADA-FF653DD410DA}.Release|x86.Build.0 = Release|Win32
		{AEB74136-FBEE-47C7-86CE-1EBB01B466B2}.Debug|x64.ActiveCfg = Debug|x64
		{AEB74136-FBEE-47C7-86CE-1EBB01B466B2}.Debug|x64.Build.0 = Debug|x64
		{AEB74136-FBEE-47C7-86CE-1EBB01B466B2}.Debug|x86.ActiveCfg = Debug|Win32
		{AEB74136-FBEE-47C7-86CE-1EBB01B466B2}.Debug|x86.Build.0 = Debug|Win32
		{AEB74136-FBEE-47C7-86CE-1EBB01B466B2}.Release|x64.ActiveCfg = Release|x64
		{AEB74136-FBEE-47C7-86CE-1EBB01B466B2}.Release|x64.Build.0 = Release|x64
		{AEB74136-FBEE-47C7-86CE-1EBB01B466B2}.Release|x86.ActiveCfg = Release|Win32
		{AEB74136-FBEE-47C7-86CE-1EBB01B466B2}.Release|x86.Build.0 = Release|Win32
	EndGlobalSection
	GlobalSection(SolutionProperties) = preSolution
		HideSolutionNode = FALSE
	EndGlobalSection
	GlobalSection(ExtensibilityGlobals) = postSolution
		SolutionGuid = {F24224A4-A610-42C8-97AF-678E872CFA90}
	EndGlobalSection
EndGlobal
